
Microsoft Visual Studio Solution File, Format Version 12.00
# Visual Studio 15
VisualStudioVersion = 15.0.28307.757
MinimumVisualStudioVersion = 10.0.40219.1
Project("{FAE04EC0-301F-11D3-BF4B-00C04F79EFBC}") = "StudenUzMu", "StudenUzMu\StudenUzMu.csproj", "{1EAE22B1-9816-4985-AFE6-C04092C720C2}"
EndProject
Global
	GlobalSection(SolutionConfigurationPlatforms) = preSolution
		Debug|Any CPU = Debug|Any CPU
		Release|Any CPU = Release|Any CPU
	EndGlobalSection
	GlobalSection(ProjectConfigurationPlatforms) = postSolution
		{1EAE22B1-9816-4985-AFE6-C04092C720C2}.Debug|Any CPU.ActiveCfg = Debug|Any CPU
		{1EAE22B1-9816-4985-AFE6-C04092C720C2}.Debug|Any CPU.Build.0 = Debug|Any CPU
		{1EAE22B1-9816-4985-AFE6-C04092C720C2}.Release|Any CPU.ActiveCfg = Release|Any CPU
		{1EAE22B1-9816-4985-AFE6-C04092C720C2}.Release|Any CPU.Build.0 = Release|Any CPU
	EndGlobalSection
	GlobalSection(SolutionProperties) = preSolution
		HideSolutionNode = FALSE
	EndGlobalSection
	GlobalSection(ExtensibilityGlobals) = postSolution
		SolutionGuid = {BAECE17A-1099-4EEB-9ACA-670CBD0311CA}
	EndGlobalSection
EndGlobal
